
Microsoft Visual Studio Solution File, Format Version 12.00
# Visual Studio 14
VisualStudioVersion = 14.0.25123.0
MinimumVisualStudioVersion = 10.0.40219.1
Project("{2150E333-8FDC-42A3-9474-1A3956D46DE8}") = "GameObjects", "GameObjects", "{004D6158-9C55-4B36-BD33-00FFFA5B5BA4}"
EndProject
Project("{FAE04EC0-301F-11D3-BF4B-00C04F79EFBC}") = "PokerObjects", "PokerObjects\PokerObjects.csproj", "{58F0FDC4-50DD-40BE-807E-59D9F08780A7}"
EndProject
Project("{2150E333-8FDC-42A3-9474-1A3956D46DE8}") = "GameModel", "GameModel", "{C2ECBF2D-7436-4074-B69E-FB59862FB16C}"
EndProject
Project("{FAE04EC0-301F-11D3-BF4B-00C04F79EFBC}") = "PokerTable", "PokerTable\PokerTable.csproj", "{91E59603-8F7B-411A-A9DC-65D7641C6144}"
EndProject
Project("{FAE04EC0-301F-11D3-BF4B-00C04F79EFBC}") = "PokerPlayer", "PokerPlayer\PokerPlayer.csproj", "{C8290E4F-71A9-4237-8096-61B687556913}"
EndProject
Project("{FAE04EC0-301F-11D3-BF4B-00C04F79EFBC}") = "CardDeck", "CardDeck\CardDeck.csproj", "{92BE7B76-9B30-4CFA-82C2-038E9C62D025}"
EndProject
Project("{FAE04EC0-301F-11D3-BF4B-00C04F79EFBC}") = "CombinationsComparer", "CombinationsComparer\CombinationsComparer.csproj", "{9AA68DC1-AE1D-42DB-9AD5-EEE200E7A744}"
EndProject
Project("{FAE04EC0-301F-11D3-BF4B-00C04F79EFBC}") = "SingleRound", "SingleRoung\SingleRound.csproj", "{83142F56-0BB6-4EC9-B5E7-5D377A3158A8}"
EndProject
Project("{FAE04EC0-301F-11D3-BF4B-00C04F79EFBC}") = "PokerGame", "PokerGame\PokerGame.csproj", "{A151FF53-9FD2-4336-B254-6B57FB363CEA}"
EndProject
Project("{2150E333-8FDC-42A3-9474-1A3956D46DE8}") = "GameServices", "GameServices", "{CFE55968-7C7F-4D8D-B239-8F4E7800AB5B}"
EndProject
Project("{FAE04EC0-301F-11D3-BF4B-00C04F79EFBC}") = "AssistanceBot", "AssistanceBot\AssistanceBot.csproj", "{CF95891C-09BC-4F8E-8103-C6099C3D9845}"
EndProject
Project("{FAE04EC0-301F-11D3-BF4B-00C04F79EFBC}") = "UserPlayer", "UserPlayer\UserPlayer.csproj", "{026E6997-7A5E-46A7-B42C-AFB15F5D86E0}"
EndProject
Project("{FAE04EC0-301F-11D3-BF4B-00C04F79EFBC}") = "CombinationsComparer.Test", "CombinationsComparer.Test\CombinationsComparer.Test.csproj", "{4DAE3739-83D5-42CC-B260-BCC28DEF93E0}"
EndProject
Project("{2150E333-8FDC-42A3-9474-1A3956D46DE8}") = "GameTests", "GameTests", "{79D47905-BF70-409D-9F28-2ADB47492CAE}"
EndProject
Project("{FAE04EC0-301F-11D3-BF4B-00C04F79EFBC}") = "GameModelTest", "GameModelTest\GameModelTest.csproj", "{D4A808E0-5969-4CA0-AA8F-471E4142C46D}"
EndProject
Project("{2150E333-8FDC-42A3-9474-1A3956D46DE8}") = "Application", "Application", "{5BE31112-61ED-414C-B3A8-C0FFABE776EF}"
EndProject
Project("{FAE04EC0-301F-11D3-BF4B-00C04F79EFBC}") = "GUIClient", "GUIClient\GUIClient.csproj", "{FC997E5C-2C3E-4706-908D-7F88A016D718}"
EndProject
Project("{FAE04EC0-301F-11D3-BF4B-00C04F79EFBC}") = "ConsoleClient", "ConsoleClient\ConsoleClient.csproj", "{151D872F-149B-490E-B402-2742E491128E}"
EndProject
Global
	GlobalSection(SolutionConfigurationPlatforms) = preSolution
		Debug|Any CPU = Debug|Any CPU
		Debug|ARM = Debug|ARM
		Debug|x64 = Debug|x64
		Debug|x86 = Debug|x86
		Release|Any CPU = Release|Any CPU
		Release|ARM = Release|ARM
		Release|x64 = Release|x64
		Release|x86 = Release|x86
	EndGlobalSection
	GlobalSection(ProjectConfigurationPlatforms) = postSolution
		{58F0FDC4-50DD-40BE-807E-59D9F08780A7}.Debug|Any CPU.ActiveCfg = Debug|Any CPU
		{58F0FDC4-50DD-40BE-807E-59D9F08780A7}.Debug|Any CPU.Build.0 = Debug|Any CPU
		{58F0FDC4-50DD-40BE-807E-59D9F08780A7}.Debug|ARM.ActiveCfg = Debug|Any CPU
		{58F0FDC4-50DD-40BE-807E-59D9F08780A7}.Debug|ARM.Build.0 = Debug|Any CPU
		{58F0FDC4-50DD-40BE-807E-59D9F08780A7}.Debug|x64.ActiveCfg = Debug|Any CPU
		{58F0FDC4-50DD-40BE-807E-59D9F08780A7}.Debug|x64.Build.0 = Debug|Any CPU
		{58F0FDC4-50DD-40BE-807E-59D9F08780A7}.Debug|x86.ActiveCfg = Debug|Any CPU
		{58F0FDC4-50DD-40BE-807E-59D9F08780A7}.Debug|x86.Build.0 = Debug|Any CPU
		{58F0FDC4-50DD-40BE-807E-59D9F08780A7}.Release|Any CPU.ActiveCfg = Release|Any CPU
		{58F0FDC4-50DD-40BE-807E-59D9F08780A7}.Release|Any CPU.Build.0 = Release|Any CPU
		{58F0FDC4-50DD-40BE-807E-59D9F08780A7}.Release|ARM.ActiveCfg = Release|Any CPU
		{58F0FDC4-50DD-40BE-807E-59D9F08780A7}.Release|ARM.Build.0 = Release|Any CPU
		{58F0FDC4-50DD-40BE-807E-59D9F08780A7}.Release|x64.ActiveCfg = Release|Any CPU
		{58F0FDC4-50DD-40BE-807E-59D9F08780A7}.Release|x64.Build.0 = Release|Any CPU
		{58F0FDC4-50DD-40BE-807E-59D9F08780A7}.Release|x86.ActiveCfg = Release|Any CPU
		{58F0FDC4-50DD-40BE-807E-59D9F08780A7}.Release|x86.Build.0 = Release|Any CPU
		{91E59603-8F7B-411A-A9DC-65D7641C6144}.Debug|Any CPU.ActiveCfg = Debug|Any CPU
		{91E59603-8F7B-411A-A9DC-65D7641C6144}.Debug|Any CPU.Build.0 = Debug|Any CPU
		{91E59603-8F7B-411A-A9DC-65D7641C6144}.Debug|ARM.ActiveCfg = Debug|Any CPU
		{91E59603-8F7B-411A-A9DC-65D7641C6144}.Debug|ARM.Build.0 = Debug|Any CPU
		{91E59603-8F7B-411A-A9DC-65D7641C6144}.Debug|x64.ActiveCfg = Debug|Any CPU
		{91E59603-8F7B-411A-A9DC-65D7641C6144}.Debug|x64.Build.0 = Debug|Any CPU
		{91E59603-8F7B-411A-A9DC-65D7641C6144}.Debug|x86.ActiveCfg = Debug|Any CPU
		{91E59603-8F7B-411A-A9DC-65D7641C6144}.Debug|x86.Build.0 = Debug|Any CPU
		{91E59603-8F7B-411A-A9DC-65D7641C6144}.Release|Any CPU.ActiveCfg = Release|Any CPU
		{91E59603-8F7B-411A-A9DC-65D7641C6144}.Release|Any CPU.Build.0 = Release|Any CPU
		{91E59603-8F7B-411A-A9DC-65D7641C6144}.Release|ARM.ActiveCfg = Release|Any CPU
		{91E59603-8F7B-411A-A9DC-65D7641C6144}.Release|ARM.Build.0 = Release|Any CPU
		{91E59603-8F7B-411A-A9DC-65D7641C6144}.Release|x64.ActiveCfg = Release|Any CPU
		{91E59603-8F7B-411A-A9DC-65D7641C6144}.Release|x64.Build.0 = Release|Any CPU
		{91E59603-8F7B-411A-A9DC-65D7641C6144}.Release|x86.ActiveCfg = Release|Any CPU
		{91E59603-8F7B-411A-A9DC-65D7641C6144}.Release|x86.Build.0 = Release|Any CPU
		{C8290E4F-71A9-4237-8096-61B687556913}.Debug|Any CPU.ActiveCfg = Debug|Any CPU
		{C8290E4F-71A9-4237-8096-61B687556913}.Debug|Any CPU.Build.0 = Debug|Any CPU
		{C8290E4F-71A9-4237-8096-61B687556913}.Debug|ARM.ActiveCfg = Debug|Any CPU
		{C8290E4F-71A9-4237-8096-61B687556913}.Debug|ARM.Build.0 = Debug|Any CPU
		{C8290E4F-71A9-4237-8096-61B687556913}.Debug|x64.ActiveCfg = Debug|Any CPU
		{C8290E4F-71A9-4237-8096-61B687556913}.Debug|x64.Build.0 = Debug|Any CPU
		{C8290E4F-71A9-4237-8096-61B687556913}.Debug|x86.ActiveCfg = Debug|Any CPU
		{C8290E4F-71A9-4237-8096-61B687556913}.Debug|x86.Build.0 = Debug|Any CPU
		{C8290E4F-71A9-4237-8096-61B687556913}.Release|Any CPU.ActiveCfg = Release|Any CPU
		{C8290E4F-71A9-4237-8096-61B687556913}.Release|Any CPU.Build.0 = Release|Any CPU
		{C8290E4F-71A9-4237-8096-61B687556913}.Release|ARM.ActiveCfg = Release|Any CPU
		{C8290E4F-71A9-4237-8096-61B687556913}.Release|ARM.Build.0 = Release|Any CPU
		{C8290E4F-71A9-4237-8096-61B687556913}.Release|x64.ActiveCfg = Release|Any CPU
		{C8290E4F-71A9-4237-8096-61B687556913}.Release|x64.Build.0 = Release|Any CPU
		{C8290E4F-71A9-4237-8096-61B687556913}.Release|x86.ActiveCfg = Release|Any CPU
		{C8290E4F-71A9-4237-8096-61B687556913}.Release|x86.Build.0 = Release|Any CPU
		{92BE7B76-9B30-4CFA-82C2-038E9C62D025}.Debug|Any CPU.ActiveCfg = Debug|Any CPU
		{92BE7B76-9B30-4CFA-82C2-038E9C62D025}.Debug|Any CPU.Build.0 = Debug|Any CPU
		{92BE7B76-9B30-4CFA-82C2-038E9C62D025}.Debug|ARM.ActiveCfg = Debug|Any CPU
		{92BE7B76-9B30-4CFA-82C2-038E9C62D025}.Debug|ARM.Build.0 = Debug|Any CPU
		{92BE7B76-9B30-4CFA-82C2-038E9C62D025}.Debug|x64.ActiveCfg = Debug|Any CPU
		{92BE7B76-9B30-4CFA-82C2-038E9C62D025}.Debug|x64.Build.0 = Debug|Any CPU
		{92BE7B76-9B30-4CFA-82C2-038E9C62D025}.Debug|x86.ActiveCfg = Debug|Any CPU
		{92BE7B76-9B30-4CFA-82C2-038E9C62D025}.Debug|x86.Build.0 = Debug|Any CPU
		{92BE7B76-9B30-4CFA-82C2-038E9C62D025}.Release|Any CPU.ActiveCfg = Release|Any CPU
		{92BE7B76-9B30-4CFA-82C2-038E9C62D025}.Release|Any CPU.Build.0 = Release|Any CPU
		{92BE7B76-9B30-4CFA-82C2-038E9C62D025}.Release|ARM.ActiveCfg = Release|Any CPU
		{92BE7B76-9B30-4CFA-82C2-038E9C62D025}.Release|ARM.Build.0 = Release|Any CPU
		{92BE7B76-9B30-4CFA-82C2-038E9C62D025}.Release|x64.ActiveCfg = Release|Any CPU
		{92BE7B76-9B30-4CFA-82C2-038E9C62D025}.Release|x64.Build.0 = Release|Any CPU
		{92BE7B76-9B30-4CFA-82C2-038E9C62D025}.Release|x86.ActiveCfg = Release|Any CPU
		{92BE7B76-9B30-4CFA-82C2-038E9C62D025}.Release|x86.Build.0 = Release|Any CPU
		{9AA68DC1-AE1D-42DB-9AD5-EEE200E7A744}.Debug|Any CPU.ActiveCfg = Debug|Any CPU
		{9AA68DC1-AE1D-42DB-9AD5-EEE200E7A744}.Debug|Any CPU.Build.0 = Debug|Any CPU
		{9AA68DC1-AE1D-42DB-9AD5-EEE200E7A744}.Debug|ARM.ActiveCfg = Debug|Any CPU
		{9AA68DC1-AE1D-42DB-9AD5-EEE200E7A744}.Debug|ARM.Build.0 = Debug|Any CPU
		{9AA68DC1-AE1D-42DB-9AD5-EEE200E7A744}.Debug|x64.ActiveCfg = Debug|Any CPU
		{9AA68DC1-AE1D-42DB-9AD5-EEE200E7A744}.Debug|x64.Build.0 = Debug|Any CPU
		{9AA68DC1-AE1D-42DB-9AD5-EEE200E7A744}.Debug|x86.ActiveCfg = Debug|Any CPU
		{9AA68DC1-AE1D-42DB-9AD5-EEE200E7A744}.Debug|x86.Build.0 = Debug|Any CPU
		{9AA68DC1-AE1D-42DB-9AD5-EEE200E7A744}.Release|Any CPU.ActiveCfg = Release|Any CPU
		{9AA68DC1-AE1D-42DB-9AD5-EEE200E7A744}.Release|Any CPU.Build.0 = Release|Any CPU
		{9AA68DC1-AE1D-42DB-9AD5-EEE200E7A744}.Release|ARM.ActiveCfg = Release|Any CPU
		{9AA68DC1-AE1D-42DB-9AD5-EEE200E7A744}.Release|ARM.Build.0 = Release|Any CPU
		{9AA68DC1-AE1D-42DB-9AD5-EEE200E7A744}.Release|x64.ActiveCfg = Release|Any CPU
		{9AA68DC1-AE1D-42DB-9AD5-EEE200E7A744}.Release|x64.Build.0 = Release|Any CPU
		{9AA68DC1-AE1D-42DB-9AD5-EEE200E7A744}.Release|x86.ActiveCfg = Release|Any CPU
		{9AA68DC1-AE1D-42DB-9AD5-EEE200E7A744}.Release|x86.Build.0 = Release|Any CPU
		{83142F56-0BB6-4EC9-B5E7-5D377A3158A8}.Debug|Any CPU.ActiveCfg = Debug|Any CPU
		{83142F56-0BB6-4EC9-B5E7-5D377A3158A8}.Debug|Any CPU.Build.0 = Debug|Any CPU
		{83142F56-0BB6-4EC9-B5E7-5D377A3158A8}.Debug|ARM.ActiveCfg = Debug|Any CPU
		{83142F56-0BB6-4EC9-B5E7-5D377A3158A8}.Debug|ARM.Build.0 = Debug|Any CPU
		{83142F56-0BB6-4EC9-B5E7-5D377A3158A8}.Debug|x64.ActiveCfg = Debug|Any CPU
		{83142F56-0BB6-4EC9-B5E7-5D377A3158A8}.Debug|x64.Build.0 = Debug|Any CPU
		{83142F56-0BB6-4EC9-B5E7-5D377A3158A8}.Debug|x86.ActiveCfg = Debug|Any CPU
		{83142F56-0BB6-4EC9-B5E7-5D377A3158A8}.Debug|x86.Build.0 = Debug|Any CPU
		{83142F56-0BB6-4EC9-B5E7-5D377A3158A8}.Release|Any CPU.ActiveCfg = Release|Any CPU
		{83142F56-0BB6-4EC9-B5E7-5D377A3158A8}.Release|Any CPU.Build.0 = Release|Any CPU
		{83142F56-0BB6-4EC9-B5E7-5D377A3158A8}.Release|ARM.ActiveCfg = Release|Any CPU
		{83142F56-0BB6-4EC9-B5E7-5D377A3158A8}.Release|ARM.Build.0 = Release|Any CPU
		{83142F56-0BB6-4EC9-B5E7-5D377A3158A8}.Release|x64.ActiveCfg = Release|Any CPU
		{83142F56-0BB6-4EC9-B5E7-5D377A3158A8}.Release|x64.Build.0 = Release|Any CPU
		{83142F56-0BB6-4EC9-B5E7-5D377A3158A8}.Release|x86.ActiveCfg = Release|Any CPU
		{83142F56-0BB6-4EC9-B5E7-5D377A3158A8}.Release|x86.Build.0 = Release|Any CPU
		{A151FF53-9FD2-4336-B254-6B57FB363CEA}.Debug|Any CPU.ActiveCfg = Debug|Any CPU
		{A151FF53-9FD2-4336-B254-6B57FB363CEA}.Debug|Any CPU.Build.0 = Debug|Any CPU
		{A151FF53-9FD2-4336-B254-6B57FB363CEA}.Debug|ARM.ActiveCfg = Debug|Any CPU
		{A151FF53-9FD2-4336-B254-6B57FB363CEA}.Debug|ARM.Build.0 = Debug|Any CPU
		{A151FF53-9FD2-4336-B254-6B57FB363CEA}.Debug|x64.ActiveCfg = Debug|Any CPU
		{A151FF53-9FD2-4336-B254-6B57FB363CEA}.Debug|x64.Build.0 = Debug|Any CPU
		{A151FF53-9FD2-4336-B254-6B57FB363CEA}.Debug|x86.ActiveCfg = Debug|Any CPU
		{A151FF53-9FD2-4336-B254-6B57FB363CEA}.Debug|x86.Build.0 = Debug|Any CPU
		{A151FF53-9FD2-4336-B254-6B57FB363CEA}.Release|Any CPU.ActiveCfg = Release|Any CPU
		{A151FF53-9FD2-4336-B254-6B57FB363CEA}.Release|Any CPU.Build.0 = Release|Any CPU
		{A151FF53-9FD2-4336-B254-6B57FB363CEA}.Release|ARM.ActiveCfg = Release|Any CPU
		{A151FF53-9FD2-4336-B254-6B57FB363CEA}.Release|ARM.Build.0 = Release|Any CPU
		{A151FF53-9FD2-4336-B254-6B57FB363CEA}.Release|x64.ActiveCfg = Release|Any CPU
		{A151FF53-9FD2-4336-B254-6B57FB363CEA}.Release|x64.Build.0 = Release|Any CPU
		{A151FF53-9FD2-4336-B254-6B57FB363CEA}.Release|x86.ActiveCfg = Release|Any CPU
		{A151FF53-9FD2-4336-B254-6B57FB363CEA}.Release|x86.Build.0 = Release|Any CPU
		{CF95891C-09BC-4F8E-8103-C6099C3D9845}.Debug|Any CPU.ActiveCfg = Debug|Any CPU
		{CF95891C-09BC-4F8E-8103-C6099C3D9845}.Debug|Any CPU.Build.0 = Debug|Any CPU
		{CF95891C-09BC-4F8E-8103-C6099C3D9845}.Debug|ARM.ActiveCfg = Debug|Any CPU
		{CF95891C-09BC-4F8E-8103-C6099C3D9845}.Debug|ARM.Build.0 = Debug|Any CPU
		{CF95891C-09BC-4F8E-8103-C6099C3D9845}.Debug|x64.ActiveCfg = Debug|Any CPU
		{CF95891C-09BC-4F8E-8103-C6099C3D9845}.Debug|x64.Build.0 = Debug|Any CPU
		{CF95891C-09BC-4F8E-8103-C6099C3D9845}.Debug|x86.ActiveCfg = Debug|Any CPU
		{CF95891C-09BC-4F8E-8103-C6099C3D9845}.Debug|x86.Build.0 = Debug|Any CPU
		{CF95891C-09BC-4F8E-8103-C6099C3D9845}.Release|Any CPU.ActiveCfg = Release|Any CPU
		{CF95891C-09BC-4F8E-8103-C6099C3D9845}.Release|Any CPU.Build.0 = Release|Any CPU
		{CF95891C-09BC-4F8E-8103-C6099C3D9845}.Release|ARM.ActiveCfg = Release|Any CPU
		{CF95891C-09BC-4F8E-8103-C6099C3D9845}.Release|ARM.Build.0 = Release|Any CPU
		{CF95891C-09BC-4F8E-8103-C6099C3D9845}.Release|x64.ActiveCfg = Release|Any CPU
		{CF95891C-09BC-4F8E-8103-C6099C3D9845}.Release|x64.Build.0 = Release|Any CPU
		{CF95891C-09BC-4F8E-8103-C6099C3D9845}.Release|x86.ActiveCfg = Release|Any CPU
		{CF95891C-09BC-4F8E-8103-C6099C3D9845}.Release|x86.Build.0 = Release|Any CPU
		{026E6997-7A5E-46A7-B42C-AFB15F5D86E0}.Debug|Any CPU.ActiveCfg = Debug|Any CPU
		{026E6997-7A5E-46A7-B42C-AFB15F5D86E0}.Debug|Any CPU.Build.0 = Debug|Any CPU
		{026E6997-7A5E-46A7-B42C-AFB15F5D86E0}.Debug|ARM.ActiveCfg = Debug|Any CPU
		{026E6997-7A5E-46A7-B42C-AFB15F5D86E0}.Debug|ARM.Build.0 = Debug|Any CPU
		{026E6997-7A5E-46A7-B42C-AFB15F5D86E0}.Debug|x64.ActiveCfg = Debug|Any CPU
		{026E6997-7A5E-46A7-B42C-AFB15F5D86E0}.Debug|x64.Build.0 = Debug|Any CPU
		{026E6997-7A5E-46A7-B42C-AFB15F5D86E0}.Debug|x86.ActiveCfg = Debug|Any CPU
		{026E6997-7A5E-46A7-B42C-AFB15F5D86E0}.Debug|x86.Build.0 = Debug|Any CPU
		{026E6997-7A5E-46A7-B42C-AFB15F5D86E0}.Release|Any CPU.ActiveCfg = Release|Any CPU
		{026E6997-7A5E-46A7-B42C-AFB15F5D86E0}.Release|Any CPU.Build.0 = Release|Any CPU
		{026E6997-7A5E-46A7-B42C-AFB15F5D86E0}.Release|ARM.ActiveCfg = Release|Any CPU
		{026E6997-7A5E-46A7-B42C-AFB15F5D86E0}.Release|ARM.Build.0 = Release|Any CPU
		{026E6997-7A5E-46A7-B42C-AFB15F5D86E0}.Release|x64.ActiveCfg = Release|Any CPU
		{026E6997-7A5E-46A7-B42C-AFB15F5D86E0}.Release|x64.Build.0 = Release|Any CPU
		{026E6997-7A5E-46A7-B42C-AFB15F5D86E0}.Release|x86.ActiveCfg = Release|Any CPU
		{026E6997-7A5E-46A7-B42C-AFB15F5D86E0}.Release|x86.Build.0 = Release|Any CPU
		{4DAE3739-83D5-42CC-B260-BCC28DEF93E0}.Debug|Any CPU.ActiveCfg = Debug|Any CPU
		{4DAE3739-83D5-42CC-B260-BCC28DEF93E0}.Debug|Any CPU.Build.0 = Debug|Any CPU
		{4DAE3739-83D5-42CC-B260-BCC28DEF93E0}.Debug|ARM.ActiveCfg = Debug|Any CPU
		{4DAE3739-83D5-42CC-B260-BCC28DEF93E0}.Debug|ARM.Build.0 = Debug|Any CPU
		{4DAE3739-83D5-42CC-B260-BCC28DEF93E0}.Debug|x64.ActiveCfg = Debug|Any CPU
		{4DAE3739-83D5-42CC-B260-BCC28DEF93E0}.Debug|x64.Build.0 = Debug|Any CPU
		{4DAE3739-83D5-42CC-B260-BCC28DEF93E0}.Debug|x86.ActiveCfg = Debug|Any CPU
		{4DAE3739-83D5-42CC-B260-BCC28DEF93E0}.Debug|x86.Build.0 = Debug|Any CPU
		{4DAE3739-83D5-42CC-B260-BCC28DEF93E0}.Release|Any CPU.ActiveCfg = Release|Any CPU
		{4DAE3739-83D5-42CC-B260-BCC28DEF93E0}.Release|Any CPU.Build.0 = Release|Any CPU
		{4DAE3739-83D5-42CC-B260-BCC28DEF93E0}.Release|ARM.ActiveCfg = Release|Any CPU
		{4DAE3739-83D5-42CC-B260-BCC28DEF93E0}.Release|ARM.Build.0 = Release|Any CPU
		{4DAE3739-83D5-42CC-B260-BCC28DEF93E0}.Release|x64.ActiveCfg = Release|Any CPU
		{4DAE3739-83D5-42CC-B260-BCC28DEF93E0}.Release|x64.Build.0 = Release|Any CPU
		{4DAE3739-83D5-42CC-B260-BCC28DEF93E0}.Release|x86.ActiveCfg = Release|Any CPU
		{4DAE3739-83D5-42CC-B260-BCC28DEF93E0}.Release|x86.Build.0 = Release|Any CPU
		{D4A808E0-5969-4CA0-AA8F-471E4142C46D}.Debug|Any CPU.ActiveCfg = Debug|Any CPU
		{D4A808E0-5969-4CA0-AA8F-471E4142C46D}.Debug|Any CPU.Build.0 = Debug|Any CPU
		{D4A808E0-5969-4CA0-AA8F-471E4142C46D}.Debug|ARM.ActiveCfg = Debug|Any CPU
		{D4A808E0-5969-4CA0-AA8F-471E4142C46D}.Debug|ARM.Build.0 = Debug|Any CPU
		{D4A808E0-5969-4CA0-AA8F-471E4142C46D}.Debug|x64.ActiveCfg = Debug|Any CPU
		{D4A808E0-5969-4CA0-AA8F-471E4142C46D}.Debug|x64.Build.0 = Debug|Any CPU
		{D4A808E0-5969-4CA0-AA8F-471E4142C46D}.Debug|x86.ActiveCfg = Debug|Any CPU
		{D4A808E0-5969-4CA0-AA8F-471E4142C46D}.Debug|x86.Build.0 = Debug|Any CPU
		{D4A808E0-5969-4CA0-AA8F-471E4142C46D}.Release|Any CPU.ActiveCfg = Release|Any CPU
		{D4A808E0-5969-4CA0-AA8F-471E4142C46D}.Release|Any CPU.Build.0 = Release|Any CPU
		{D4A808E0-5969-4CA0-AA8F-471E4142C46D}.Release|ARM.ActiveCfg = Release|Any CPU
		{D4A808E0-5969-4CA0-AA8F-471E4142C46D}.Release|ARM.Build.0 = Release|Any CPU
		{D4A808E0-5969-4CA0-AA8F-471E4142C46D}.Release|x64.ActiveCfg = Release|Any CPU
		{D4A808E0-5969-4CA0-AA8F-471E4142C46D}.Release|x64.Build.0 = Release|Any CPU
		{D4A808E0-5969-4CA0-AA8F-471E4142C46D}.Release|x86.ActiveCfg = Release|Any CPU
		{D4A808E0-5969-4CA0-AA8F-471E4142C46D}.Release|x86.Build.0 = Release|Any CPU
		{FC997E5C-2C3E-4706-908D-7F88A016D718}.Debug|Any CPU.ActiveCfg = Debug|Any CPU
		{FC997E5C-2C3E-4706-908D-7F88A016D718}.Debug|Any CPU.Build.0 = Debug|Any CPU
		{FC997E5C-2C3E-4706-908D-7F88A016D718}.Debug|ARM.ActiveCfg = Debug|Any CPU
		{FC997E5C-2C3E-4706-908D-7F88A016D718}.Debug|ARM.Build.0 = Debug|Any CPU
		{FC997E5C-2C3E-4706-908D-7F88A016D718}.Debug|x64.ActiveCfg = Debug|Any CPU
		{FC997E5C-2C3E-4706-908D-7F88A016D718}.Debug|x64.Build.0 = Debug|Any CPU
		{FC997E5C-2C3E-4706-908D-7F88A016D718}.Debug|x86.ActiveCfg = Debug|Any CPU
		{FC997E5C-2C3E-4706-908D-7F88A016D718}.Debug|x86.Build.0 = Debug|Any CPU
		{FC997E5C-2C3E-4706-908D-7F88A016D718}.Release|Any CPU.ActiveCfg = Release|Any CPU
		{FC997E5C-2C3E-4706-908D-7F88A016D718}.Release|Any CPU.Build.0 = Release|Any CPU
		{FC997E5C-2C3E-4706-908D-7F88A016D718}.Release|ARM.ActiveCfg = Release|Any CPU
		{FC997E5C-2C3E-4706-908D-7F88A016D718}.Release|ARM.Build.0 = Release|Any CPU
		{FC997E5C-2C3E-4706-908D-7F88A016D718}.Release|x64.ActiveCfg = Release|Any CPU
		{FC997E5C-2C3E-4706-908D-7F88A016D718}.Release|x64.Build.0 = Release|Any CPU
		{FC997E5C-2C3E-4706-908D-7F88A016D718}.Release|x86.ActiveCfg = Release|Any CPU
		{FC997E5C-2C3E-4706-908D-7F88A016D718}.Release|x86.Build.0 = Release|Any CPU
		{151D872F-149B-490E-B402-2742E491128E}.Debug|Any CPU.ActiveCfg = Debug|Any CPU
		{151D872F-149B-490E-B402-2742E491128E}.Debug|Any CPU.Build.0 = Debug|Any CPU
		{151D872F-149B-490E-B402-2742E491128E}.Debug|ARM.ActiveCfg = Debug|Any CPU
		{151D872F-149B-490E-B402-2742E491128E}.Debug|x64.ActiveCfg = Debug|Any CPU
		{151D872F-149B-490E-B402-2742E491128E}.Debug|x86.ActiveCfg = Debug|Any CPU
		{151D872F-149B-490E-B402-2742E491128E}.Release|Any CPU.ActiveCfg = Release|Any CPU
		{151D872F-149B-490E-B402-2742E491128E}.Release|Any CPU.Build.0 = Release|Any CPU
		{151D872F-149B-490E-B402-2742E491128E}.Release|ARM.ActiveCfg = Release|Any CPU
		{151D872F-149B-490E-B402-2742E491128E}.Release|x64.ActiveCfg = Release|Any CPU
		{151D872F-149B-490E-B402-2742E491128E}.Release|x86.ActiveCfg = Release|Any CPU
	EndGlobalSection
	GlobalSection(SolutionProperties) = preSolution
		HideSolutionNode = FALSE
	EndGlobalSection
	GlobalSection(NestedProjects) = preSolution
		{58F0FDC4-50DD-40BE-807E-59D9F08780A7} = {004D6158-9C55-4B36-BD33-00FFFA5B5BA4}
		{91E59603-8F7B-411A-A9DC-65D7641C6144} = {C2ECBF2D-7436-4074-B69E-FB59862FB16C}
		{C8290E4F-71A9-4237-8096-61B687556913} = {C2ECBF2D-7436-4074-B69E-FB59862FB16C}
		{92BE7B76-9B30-4CFA-82C2-038E9C62D025} = {C2ECBF2D-7436-4074-B69E-FB59862FB16C}
		{9AA68DC1-AE1D-42DB-9AD5-EEE200E7A744} = {C2ECBF2D-7436-4074-B69E-FB59862FB16C}
		{83142F56-0BB6-4EC9-B5E7-5D377A3158A8} = {C2ECBF2D-7436-4074-B69E-FB59862FB16C}
		{A151FF53-9FD2-4336-B254-6B57FB363CEA} = {C2ECBF2D-7436-4074-B69E-FB59862FB16C}
		{CF95891C-09BC-4F8E-8103-C6099C3D9845} = {CFE55968-7C7F-4D8D-B239-8F4E7800AB5B}
		{026E6997-7A5E-46A7-B42C-AFB15F5D86E0} = {C2ECBF2D-7436-4074-B69E-FB59862FB16C}
		{4DAE3739-83D5-42CC-B260-BCC28DEF93E0} = {C2ECBF2D-7436-4074-B69E-FB59862FB16C}
		{D4A808E0-5969-4CA0-AA8F-471E4142C46D} = {79D47905-BF70-409D-9F28-2ADB47492CAE}
	EndGlobalSection
EndGlobal
